
Microsoft Visual Studio Solution File, Format Version 12.00
# Visual Studio Version 17
VisualStudioVersion = 17.6.33829.357
MinimumVisualStudioVersion = 10.0.40219.1
Project("{FAE04EC0-301F-11D3-BF4B-00C04F79EFBC}") = "Builder", "Builder\Builder.csproj", "{C7B8C49D-8B50-4AEB-8E0A-7AD301291C7B}"
EndProject
Project("{FAE04EC0-301F-11D3-BF4B-00C04F79EFBC}") = "Factory", "Factory\Factory.csproj", "{FBC9776F-C555-47A0-B953-CDA91FD451C7}"
EndProject
Project("{FAE04EC0-301F-11D3-BF4B-00C04F79EFBC}") = "Abstract Factory", "Abstract Factory\Abstract Factory.csproj", "{9DED7D1C-26FC-470C-8D21-16FFA5696B02}"
EndProject
Project("{FAE04EC0-301F-11D3-BF4B-00C04F79EFBC}") = "Singleton", "Singleton\Singleton.csproj", "{E0B55638-5544-4538-B4AB-92E867B75009}"
EndProject
Project("{FAE04EC0-301F-11D3-BF4B-00C04F79EFBC}") = "Prototype", "Prototype\Prototype.csproj", "{C65E889E-7E80-4607-AC8C-CF5817524C3C}"
EndProject
Project("{FAE04EC0-301F-11D3-BF4B-00C04F79EFBC}") = "Adapter", "Adapter\Adapter.csproj", "{5A449295-447F-42D9-88E1-D30872C8890D}"
EndProject
Project("{FAE04EC0-301F-11D3-BF4B-00C04F79EFBC}") = "Bridge", "Bridge\Bridge.csproj", "{B4626AD6-35A9-488B-88BA-727C168BFAD4}"
EndProject
Project("{FAE04EC0-301F-11D3-BF4B-00C04F79EFBC}") = "Decorator", "Decorator\Decorator.csproj", "{8614952E-0992-4403-A127-46EB7C417B5D}"
EndProject
Project("{FAE04EC0-301F-11D3-BF4B-00C04F79EFBC}") = "Proxy", "Proxy\Proxy.csproj", "{203FA711-F65C-4245-8442-79EE44193069}"
EndProject
Global
	GlobalSection(SolutionConfigurationPlatforms) = preSolution
		Debug|Any CPU = Debug|Any CPU
		Release|Any CPU = Release|Any CPU
	EndGlobalSection
	GlobalSection(ProjectConfigurationPlatforms) = postSolution
		{C7B8C49D-8B50-4AEB-8E0A-7AD301291C7B}.Debug|Any CPU.ActiveCfg = Debug|Any CPU
		{C7B8C49D-8B50-4AEB-8E0A-7AD301291C7B}.Debug|Any CPU.Build.0 = Debug|Any CPU
		{C7B8C49D-8B50-4AEB-8E0A-7AD301291C7B}.Release|Any CPU.ActiveCfg = Release|Any CPU
		{C7B8C49D-8B50-4AEB-8E0A-7AD301291C7B}.Release|Any CPU.Build.0 = Release|Any CPU
		{FBC9776F-C555-47A0-B953-CDA91FD451C7}.Debug|Any CPU.ActiveCfg = Debug|Any CPU
		{FBC9776F-C555-47A0-B953-CDA91FD451C7}.Debug|Any CPU.Build.0 = Debug|Any CPU
		{FBC9776F-C555-47A0-B953-CDA91FD451C7}.Release|Any CPU.ActiveCfg = Release|Any CPU
		{FBC9776F-C555-47A0-B953-CDA91FD451C7}.Release|Any CPU.Build.0 = Release|Any CPU
		{9DED7D1C-26FC-470C-8D21-16FFA5696B02}.Debug|Any CPU.ActiveCfg = Debug|Any CPU
		{9DED7D1C-26FC-470C-8D21-16FFA5696B02}.Debug|Any CPU.Build.0 = Debug|Any CPU
		{9DED7D1C-26FC-470C-8D21-16FFA5696B02}.Release|Any CPU.ActiveCfg = Release|Any CPU
		{9DED7D1C-26FC-470C-8D21-16FFA5696B02}.Release|Any CPU.Build.0 = Release|Any CPU
		{E0B55638-5544-4538-B4AB-92E867B75009}.Debug|Any CPU.ActiveCfg = Debug|Any CPU
		{E0B55638-5544-4538-B4AB-92E867B75009}.Debug|Any CPU.Build.0 = Debug|Any CPU
		{E0B55638-5544-4538-B4AB-92E867B75009}.Release|Any CPU.ActiveCfg = Release|Any CPU
		{E0B55638-5544-4538-B4AB-92E867B75009}.Release|Any CPU.Build.0 = Release|Any CPU
		{C65E889E-7E80-4607-AC8C-CF5817524C3C}.Debug|Any CPU.ActiveCfg = Debug|Any CPU
		{C65E889E-7E80-4607-AC8C-CF5817524C3C}.Debug|Any CPU.Build.0 = Debug|Any CPU
		{C65E889E-7E80-4607-AC8C-CF5817524C3C}.Release|Any CPU.ActiveCfg = Release|Any CPU
		{C65E889E-7E80-4607-AC8C-CF5817524C3C}.Release|Any CPU.Build.0 = Release|Any CPU
		{5A449295-447F-42D9-88E1-D30872C8890D}.Debug|Any CPU.ActiveCfg = Debug|Any CPU
		{5A449295-447F-42D9-88E1-D30872C8890D}.Debug|Any CPU.Build.0 = Debug|Any CPU
		{5A449295-447F-42D9-88E1-D30872C8890D}.Release|Any CPU.ActiveCfg = Release|Any CPU
		{5A449295-447F-42D9-88E1-D30872C8890D}.Release|Any CPU.Build.0 = Release|Any CPU
		{B4626AD6-35A9-488B-88BA-727C168BFAD4}.Debug|Any CPU.ActiveCfg = Debug|Any CPU
		{B4626AD6-35A9-488B-88BA-727C168BFAD4}.Debug|Any CPU.Build.0 = Debug|Any CPU
		{B4626AD6-35A9-488B-88BA-727C168BFAD4}.Release|Any CPU.ActiveCfg = Release|Any CPU
		{B4626AD6-35A9-488B-88BA-727C168BFAD4}.Release|Any CPU.Build.0 = Release|Any CPU
		{8614952E-0992-4403-A127-46EB7C417B5D}.Debug|Any CPU.ActiveCfg = Debug|Any CPU
		{8614952E-0992-4403-A127-46EB7C417B5D}.Debug|Any CPU.Build.0 = Debug|Any CPU
		{8614952E-0992-4403-A127-46EB7C417B5D}.Release|Any CPU.ActiveCfg = Release|Any CPU
		{8614952E-0992-4403-A127-46EB7C417B5D}.Release|Any CPU.Build.0 = Release|Any CPU
		{203FA711-F65C-4245-8442-79EE44193069}.Debug|Any CPU.ActiveCfg = Debug|Any CPU
		{203FA711-F65C-4245-8442-79EE44193069}.Debug|Any CPU.Build.0 = Debug|Any CPU
		{203FA711-F65C-4245-8442-79EE44193069}.Release|Any CPU.ActiveCfg = Release|Any CPU
		{203FA711-F65C-4245-8442-79EE44193069}.Release|Any CPU.Build.0 = Release|Any CPU
	EndGlobalSection
	GlobalSection(SolutionProperties) = preSolution
		HideSolutionNode = FALSE
	EndGlobalSection
	GlobalSection(ExtensibilityGlobals) = postSolution
		SolutionGuid = {155AAC97-A94B-4D8A-B69E-432A561F5E68}
	EndGlobalSection
EndGlobal
