
Microsoft Visual Studio Solution File, Format Version 12.00
# Visual Studio Version 16
VisualStudioVersion = 16.0.31515.178
MinimumVisualStudioVersion = 10.0.40219.1
Project("{9A19103F-16F7-4668-BE54-9A1E7A4F7556}") = "DFS", "DFS\DFS.csproj", "{79008A26-8A58-4ADB-ABE1-0D3A0DA3AEBC}"
EndProject
Project("{9A19103F-16F7-4668-BE54-9A1E7A4F7556}") = "BFS", "BFS\BFS.csproj", "{268CB31C-1748-4D04-B9AF-6E6B8C16DB62}"
EndProject
Project("{9A19103F-16F7-4668-BE54-9A1E7A4F7556}") = "Detect cycle in an undirected graph with DFS", "Detect cycle in an undirected graph with DFS\Detect cycle in an undirected graph with DFS.csproj", "{1B3F43AD-4724-4730-9F09-3C37BFB60D4A}"
EndProject
Project("{9A19103F-16F7-4668-BE54-9A1E7A4F7556}") = "Detect cycle in an undirected graph with BFS", "Detect cycle in an undirected graph with BFS\Detect cycle in an undirected graph with BFS.csproj", "{07349DB4-41B6-4835-8464-46A990E4716A}"
EndProject
Project("{9A19103F-16F7-4668-BE54-9A1E7A4F7556}") = "Detect cycle in a directed graph with DFS", "Detect cycle in a directed graph with DFS\Detect cycle in a directed graph with DFS.csproj", "{A685EA92-BEFE-45B0-901A-D46BBB0C7FE6}"
EndProject
Project("{9A19103F-16F7-4668-BE54-9A1E7A4F7556}") = "Max Coins", "Max Coins\Max Coins.csproj", "{18B5E1D4-C7C5-476D-BE0E-C390AF973899}"
EndProject
Project("{9A19103F-16F7-4668-BE54-9A1E7A4F7556}") = "Topological sort with DFS", "Topological sort with DFS\Topological sort with DFS.csproj", "{B0993496-4FF6-4A7E-A640-DD7C754F6009}"
EndProject
Project("{9A19103F-16F7-4668-BE54-9A1E7A4F7556}") = "Topological sort with BFS", "Topological sort with BFS\Topological sort with BFS.csproj", "{C2954ECF-CBCE-400D-8CDE-A826BC7FD7AB}"
EndProject
Project("{9A19103F-16F7-4668-BE54-9A1E7A4F7556}") = "547. Number of Provinces with DFS", "547. Number of Provinces with DFS\547. Number of Provinces with DFS.csproj", "{A02CD596-A017-4677-8899-3B8ADAB3D0A2}"
EndProject
Project("{9A19103F-16F7-4668-BE54-9A1E7A4F7556}") = "547. Number of Provinces with BFS", "547. Number of Provinces with BFS\547. Number of Provinces with BFS.csproj", "{F36EE172-B827-48FA-A5DC-4137C526B8E5}"
EndProject
Project("{9A19103F-16F7-4668-BE54-9A1E7A4F7556}") = "Detect cycle in a directed graph with BFS", "Detect cycle in a directed graph with BFS\Detect cycle in a directed graph with BFS.csproj", "{BE11DCE3-593A-4080-978D-37B1A97D12F6}"
EndProject
Project("{9A19103F-16F7-4668-BE54-9A1E7A4F7556}") = "207. Course Schedule using BFS", "207. Course Schedule using BFS\207. Course Schedule using BFS.csproj", "{01C0DEC1-AC58-4A03-B762-7DA5C181D3BB}"
EndProject
Project("{9A19103F-16F7-4668-BE54-9A1E7A4F7556}") = "210. Course Schedule II using BFS", "210. Course Schedule II using BFS\210. Course Schedule II using BFS.csproj", "{1320C8D5-F1B4-44B3-8C5E-767FCB9CEAB9}"
EndProject
Project("{9A19103F-16F7-4668-BE54-9A1E7A4F7556}") = "Bipartite Graph", "Bipartite Graph\Bipartite Graph.csproj", "{1E0CD6C9-4F1D-4D2F-9386-AE8C02C8C22B}"
EndProject
Project("{9A19103F-16F7-4668-BE54-9A1E7A4F7556}") = "1557. Minimum Number of Vertices to Reach All Nodes", "1557. Minimum Number of Vertices to Reach All Nodes\1557. Minimum Number of Vertices to Reach All Nodes.csproj", "{C3194EAF-8617-4950-9640-98EB57EB7479}"
EndProject
Project("{9A19103F-16F7-4668-BE54-9A1E7A4F7556}") = "934. Shortest Bridge", "934. Shortest Bridge\934. Shortest Bridge.csproj", "{950DB70E-1051-4F06-AB6F-3CC8DE43762A}"
EndProject
Project("{9A19103F-16F7-4668-BE54-9A1E7A4F7556}") = "399. Evaluate Division", "399. Evaluate Division\399. Evaluate Division.csproj", "{B3384F2B-92D1-420F-94DF-1DF72B407930}"
EndProject
Project("{9A19103F-16F7-4668-BE54-9A1E7A4F7556}") = "Shortest path using bfs", "Shortest path using bfs\Shortest path using bfs.csproj", "{EC014C36-0D5E-4383-8F9D-9BB58FE52C48}"
EndProject
Project("{9A19103F-16F7-4668-BE54-9A1E7A4F7556}") = "2101. Detonate the Maximum Bombs", "2101. Detonate the Maximum Bombs\2101. Detonate the Maximum Bombs.csproj", "{E8911F29-902C-46A3-B169-7534E350CD99}"
EndProject
Project("{9A19103F-16F7-4668-BE54-9A1E7A4F7556}") = "Detect Cycle using DSU", "Detect Cycle using DSU\Detect Cycle using DSU.csproj", "{FF80E7E1-D7E3-4CDF-9721-DF649F1D7306}"
EndProject
Project("{9A19103F-16F7-4668-BE54-9A1E7A4F7556}") = "990. Satisfiability of Equality Equations", "990. Satisfiability of Equality Equations\990. Satisfiability of Equality Equations.csproj", "{00F21697-C61B-4F4D-BFB0-3EC946147B43}"
EndProject
Project("{9A19103F-16F7-4668-BE54-9A1E7A4F7556}") = "1319. Number of Operations to Make Network Connected", "1319. Number of Operations to Make Network Connected\1319. Number of Operations to Make Network Connected.csproj", "{B876FE3F-92BA-478B-B8F0-46B56B1B1EE9}"
EndProject
Project("{9A19103F-16F7-4668-BE54-9A1E7A4F7556}") = "2316. Count Unreachable Pairs of Nodes in an Undirected Graph", "2316. Count Unreachable Pairs of Nodes in an Undirected Graph\2316. Count Unreachable Pairs of Nodes in an Undirected Graph.csproj", "{DFB8A23B-6CC2-41FF-8FB6-3F9973947699}"
EndProject
Project("{9A19103F-16F7-4668-BE54-9A1E7A4F7556}") = "Implementing Dijkstra Algorithm", "Implementing Dijkstra Algorithm\Implementing Dijkstra Algorithm.csproj", "{7FBA5049-C99A-46AF-B454-725677CEFA0C}"
EndProject
Project("{9A19103F-16F7-4668-BE54-9A1E7A4F7556}") = "1376. Time Needed to Inform All Employees", "1376. Time Needed to Inform All Employees\1376. Time Needed to Inform All Employees.csproj", "{57EAC730-4F50-444C-8CB7-2E6F25456558}"
EndProject
Project("{9A19103F-16F7-4668-BE54-9A1E7A4F7556}") = "Implementing Dijkstra Algorithm with set", "Implementing Dijkstra Algorithm with set\Implementing Dijkstra Algorithm with set.csproj", "{9A94D892-58F2-4D75-ACD7-13A2BE142B59}"
EndProject
Project("{9A19103F-16F7-4668-BE54-9A1E7A4F7556}") = "Implementing Dijkstra Algorithm with Priority Queue", "Implementing Dijkstra Algorithm with Priority Queue\Implementing Dijkstra Algorithm with Priority Queue.csproj", "{991A758E-05D0-43B0-9961-34C6781A48EA}"
EndProject
Project("{9A19103F-16F7-4668-BE54-9A1E7A4F7556}") = "Shortest Path in Weighted undirected graph", "Shortest Path in Weighted undirected graph\Shortest Path in Weighted undirected graph.csproj", "{16671427-1CCD-4575-8623-C8B4A018347F}"
EndProject
Project("{9A19103F-16F7-4668-BE54-9A1E7A4F7556}") = "743. Network Delay Time", "743. Network Delay Time\743. Network Delay Time.csproj", "{05E3F1BE-A57A-446D-85CF-542204C32B04}"
EndProject
Project("{9A19103F-16F7-4668-BE54-9A1E7A4F7556}") = "1091. Shortest Path in Binary Matrix", "1091. Shortest Path in Binary Matrix\1091. Shortest Path in Binary Matrix.csproj", "{DBF801EE-E5AF-49AA-815C-26257B611C05}"
EndProject
Project("{9A19103F-16F7-4668-BE54-9A1E7A4F7556}") = "1091. Shortest Path in Binary Matrix using dijkstra", "1091. Shortest Path in Binary Matrix using dijkstra\1091. Shortest Path in Binary Matrix using dijkstra.csproj", "{3B58AD98-9C7D-427F-9792-7A57E1A64841}"
EndProject
Project("{9A19103F-16F7-4668-BE54-9A1E7A4F7556}") = "1631. Path With Minimum Effort", "1631. Path With Minimum Effort\1631. Path With Minimum Effort.csproj", "{830E4FB3-FCDA-49CB-8DB1-D56D42D8AA85}"
EndProject
Project("{9A19103F-16F7-4668-BE54-9A1E7A4F7556}") = "Distance from the Source (Bellman-Ford Algorithm)", "Distance from the Source (Bellman-Ford Algorithm)\Distance from the Source (Bellman-Ford Algorithm).csproj", "{9573CF54-F035-47D8-A00A-47A03B9AB7C3}"
EndProject
Project("{9A19103F-16F7-4668-BE54-9A1E7A4F7556}") = "Floyd Warshall", "Floyd Warshall\Floyd Warshall.csproj", "{44327216-F152-4EBA-AD64-DB05F94706BF}"
EndProject
Project("{FAE04EC0-301F-11D3-BF4B-00C04F79EFBC}") = "1514. Path with Maximum Probability", "1514. Path with Maximum Probability\1514. Path with Maximum Probability.csproj", "{E13F1E0A-2BF5-4AFA-9C08-6B2F27D3150F}"
EndProject
Global
	GlobalSection(SolutionConfigurationPlatforms) = preSolution
		Debug|Any CPU = Debug|Any CPU
		Release|Any CPU = Release|Any CPU
	EndGlobalSection
	GlobalSection(ProjectConfigurationPlatforms) = postSolution
		{79008A26-8A58-4ADB-ABE1-0D3A0DA3AEBC}.Debug|Any CPU.ActiveCfg = Debug|Any CPU
		{79008A26-8A58-4ADB-ABE1-0D3A0DA3AEBC}.Debug|Any CPU.Build.0 = Debug|Any CPU
		{79008A26-8A58-4ADB-ABE1-0D3A0DA3AEBC}.Release|Any CPU.ActiveCfg = Release|Any CPU
		{79008A26-8A58-4ADB-ABE1-0D3A0DA3AEBC}.Release|Any CPU.Build.0 = Release|Any CPU
		{268CB31C-1748-4D04-B9AF-6E6B8C16DB62}.Debug|Any CPU.ActiveCfg = Debug|Any CPU
		{268CB31C-1748-4D04-B9AF-6E6B8C16DB62}.Debug|Any CPU.Build.0 = Debug|Any CPU
		{268CB31C-1748-4D04-B9AF-6E6B8C16DB62}.Release|Any CPU.ActiveCfg = Release|Any CPU
		{268CB31C-1748-4D04-B9AF-6E6B8C16DB62}.Release|Any CPU.Build.0 = Release|Any CPU
		{1B3F43AD-4724-4730-9F09-3C37BFB60D4A}.Debug|Any CPU.ActiveCfg = Debug|Any CPU
		{1B3F43AD-4724-4730-9F09-3C37BFB60D4A}.Debug|Any CPU.Build.0 = Debug|Any CPU
		{1B3F43AD-4724-4730-9F09-3C37BFB60D4A}.Release|Any CPU.ActiveCfg = Release|Any CPU
		{1B3F43AD-4724-4730-9F09-3C37BFB60D4A}.Release|Any CPU.Build.0 = Release|Any CPU
		{07349DB4-41B6-4835-8464-46A990E4716A}.Debug|Any CPU.ActiveCfg = Debug|Any CPU
		{07349DB4-41B6-4835-8464-46A990E4716A}.Debug|Any CPU.Build.0 = Debug|Any CPU
		{07349DB4-41B6-4835-8464-46A990E4716A}.Release|Any CPU.ActiveCfg = Release|Any CPU
		{07349DB4-41B6-4835-8464-46A990E4716A}.Release|Any CPU.Build.0 = Release|Any CPU
		{A685EA92-BEFE-45B0-901A-D46BBB0C7FE6}.Debug|Any CPU.ActiveCfg = Debug|Any CPU
		{A685EA92-BEFE-45B0-901A-D46BBB0C7FE6}.Debug|Any CPU.Build.0 = Debug|Any CPU
		{A685EA92-BEFE-45B0-901A-D46BBB0C7FE6}.Release|Any CPU.ActiveCfg = Release|Any CPU
		{A685EA92-BEFE-45B0-901A-D46BBB0C7FE6}.Release|Any CPU.Build.0 = Release|Any CPU
		{18B5E1D4-C7C5-476D-BE0E-C390AF973899}.Debug|Any CPU.ActiveCfg = Debug|Any CPU
		{18B5E1D4-C7C5-476D-BE0E-C390AF973899}.Debug|Any CPU.Build.0 = Debug|Any CPU
		{18B5E1D4-C7C5-476D-BE0E-C390AF973899}.Release|Any CPU.ActiveCfg = Release|Any CPU
		{18B5E1D4-C7C5-476D-BE0E-C390AF973899}.Release|Any CPU.Build.0 = Release|Any CPU
		{B0993496-4FF6-4A7E-A640-DD7C754F6009}.Debug|Any CPU.ActiveCfg = Debug|Any CPU
		{B0993496-4FF6-4A7E-A640-DD7C754F6009}.Debug|Any CPU.Build.0 = Debug|Any CPU
		{B0993496-4FF6-4A7E-A640-DD7C754F6009}.Release|Any CPU.ActiveCfg = Release|Any CPU
		{B0993496-4FF6-4A7E-A640-DD7C754F6009}.Release|Any CPU.Build.0 = Release|Any CPU
		{C2954ECF-CBCE-400D-8CDE-A826BC7FD7AB}.Debug|Any CPU.ActiveCfg = Debug|Any CPU
		{C2954ECF-CBCE-400D-8CDE-A826BC7FD7AB}.Debug|Any CPU.Build.0 = Debug|Any CPU
		{C2954ECF-CBCE-400D-8CDE-A826BC7FD7AB}.Release|Any CPU.ActiveCfg = Release|Any CPU
		{C2954ECF-CBCE-400D-8CDE-A826BC7FD7AB}.Release|Any CPU.Build.0 = Release|Any CPU
		{A02CD596-A017-4677-8899-3B8ADAB3D0A2}.Debug|Any CPU.ActiveCfg = Debug|Any CPU
		{A02CD596-A017-4677-8899-3B8ADAB3D0A2}.Debug|Any CPU.Build.0 = Debug|Any CPU
		{A02CD596-A017-4677-8899-3B8ADAB3D0A2}.Release|Any CPU.ActiveCfg = Release|Any CPU
		{A02CD596-A017-4677-8899-3B8ADAB3D0A2}.Release|Any CPU.Build.0 = Release|Any CPU
		{F36EE172-B827-48FA-A5DC-4137C526B8E5}.Debug|Any CPU.ActiveCfg = Debug|Any CPU
		{F36EE172-B827-48FA-A5DC-4137C526B8E5}.Debug|Any CPU.Build.0 = Debug|Any CPU
		{F36EE172-B827-48FA-A5DC-4137C526B8E5}.Release|Any CPU.ActiveCfg = Release|Any CPU
		{F36EE172-B827-48FA-A5DC-4137C526B8E5}.Release|Any CPU.Build.0 = Release|Any CPU
		{BE11DCE3-593A-4080-978D-37B1A97D12F6}.Debug|Any CPU.ActiveCfg = Debug|Any CPU
		{BE11DCE3-593A-4080-978D-37B1A97D12F6}.Debug|Any CPU.Build.0 = Debug|Any CPU
		{BE11DCE3-593A-4080-978D-37B1A97D12F6}.Release|Any CPU.ActiveCfg = Release|Any CPU
		{BE11DCE3-593A-4080-978D-37B1A97D12F6}.Release|Any CPU.Build.0 = Release|Any CPU
		{01C0DEC1-AC58-4A03-B762-7DA5C181D3BB}.Debug|Any CPU.ActiveCfg = Debug|Any CPU
		{01C0DEC1-AC58-4A03-B762-7DA5C181D3BB}.Debug|Any CPU.Build.0 = Debug|Any CPU
		{01C0DEC1-AC58-4A03-B762-7DA5C181D3BB}.Release|Any CPU.ActiveCfg = Release|Any CPU
		{01C0DEC1-AC58-4A03-B762-7DA5C181D3BB}.Release|Any CPU.Build.0 = Release|Any CPU
		{1320C8D5-F1B4-44B3-8C5E-767FCB9CEAB9}.Debug|Any CPU.ActiveCfg = Debug|Any CPU
		{1320C8D5-F1B4-44B3-8C5E-767FCB9CEAB9}.Debug|Any CPU.Build.0 = Debug|Any CPU
		{1320C8D5-F1B4-44B3-8C5E-767FCB9CEAB9}.Release|Any CPU.ActiveCfg = Release|Any CPU
		{1320C8D5-F1B4-44B3-8C5E-767FCB9CEAB9}.Release|Any CPU.Build.0 = Release|Any CPU
		{1E0CD6C9-4F1D-4D2F-9386-AE8C02C8C22B}.Debug|Any CPU.ActiveCfg = Debug|Any CPU
		{1E0CD6C9-4F1D-4D2F-9386-AE8C02C8C22B}.Debug|Any CPU.Build.0 = Debug|Any CPU
		{1E0CD6C9-4F1D-4D2F-9386-AE8C02C8C22B}.Release|Any CPU.ActiveCfg = Release|Any CPU
		{1E0CD6C9-4F1D-4D2F-9386-AE8C02C8C22B}.Release|Any CPU.Build.0 = Release|Any CPU
		{C3194EAF-8617-4950-9640-98EB57EB7479}.Debug|Any CPU.ActiveCfg = Debug|Any CPU
		{C3194EAF-8617-4950-9640-98EB57EB7479}.Debug|Any CPU.Build.0 = Debug|Any CPU
		{C3194EAF-8617-4950-9640-98EB57EB7479}.Release|Any CPU.ActiveCfg = Release|Any CPU
		{C3194EAF-8617-4950-9640-98EB57EB7479}.Release|Any CPU.Build.0 = Release|Any CPU
		{950DB70E-1051-4F06-AB6F-3CC8DE43762A}.Debug|Any CPU.ActiveCfg = Debug|Any CPU
		{950DB70E-1051-4F06-AB6F-3CC8DE43762A}.Debug|Any CPU.Build.0 = Debug|Any CPU
		{950DB70E-1051-4F06-AB6F-3CC8DE43762A}.Release|Any CPU.ActiveCfg = Release|Any CPU
		{950DB70E-1051-4F06-AB6F-3CC8DE43762A}.Release|Any CPU.Build.0 = Release|Any CPU
		{B3384F2B-92D1-420F-94DF-1DF72B407930}.Debug|Any CPU.ActiveCfg = Debug|Any CPU
		{B3384F2B-92D1-420F-94DF-1DF72B407930}.Debug|Any CPU.Build.0 = Debug|Any CPU
		{B3384F2B-92D1-420F-94DF-1DF72B407930}.Release|Any CPU.ActiveCfg = Release|Any CPU
		{B3384F2B-92D1-420F-94DF-1DF72B407930}.Release|Any CPU.Build.0 = Release|Any CPU
		{EC014C36-0D5E-4383-8F9D-9BB58FE52C48}.Debug|Any CPU.ActiveCfg = Debug|Any CPU
		{EC014C36-0D5E-4383-8F9D-9BB58FE52C48}.Debug|Any CPU.Build.0 = Debug|Any CPU
		{EC014C36-0D5E-4383-8F9D-9BB58FE52C48}.Release|Any CPU.ActiveCfg = Release|Any CPU
		{EC014C36-0D5E-4383-8F9D-9BB58FE52C48}.Release|Any CPU.Build.0 = Release|Any CPU
		{E8911F29-902C-46A3-B169-7534E350CD99}.Debug|Any CPU.ActiveCfg = Debug|Any CPU
		{E8911F29-902C-46A3-B169-7534E350CD99}.Debug|Any CPU.Build.0 = Debug|Any CPU
		{E8911F29-902C-46A3-B169-7534E350CD99}.Release|Any CPU.ActiveCfg = Release|Any CPU
		{E8911F29-902C-46A3-B169-7534E350CD99}.Release|Any CPU.Build.0 = Release|Any CPU
		{FF80E7E1-D7E3-4CDF-9721-DF649F1D7306}.Debug|Any CPU.ActiveCfg = Debug|Any CPU
		{FF80E7E1-D7E3-4CDF-9721-DF649F1D7306}.Debug|Any CPU.Build.0 = Debug|Any CPU
		{FF80E7E1-D7E3-4CDF-9721-DF649F1D7306}.Release|Any CPU.ActiveCfg = Release|Any CPU
		{FF80E7E1-D7E3-4CDF-9721-DF649F1D7306}.Release|Any CPU.Build.0 = Release|Any CPU
		{00F21697-C61B-4F4D-BFB0-3EC946147B43}.Debug|Any CPU.ActiveCfg = Debug|Any CPU
		{00F21697-C61B-4F4D-BFB0-3EC946147B43}.Debug|Any CPU.Build.0 = Debug|Any CPU
		{00F21697-C61B-4F4D-BFB0-3EC946147B43}.Release|Any CPU.ActiveCfg = Release|Any CPU
		{00F21697-C61B-4F4D-BFB0-3EC946147B43}.Release|Any CPU.Build.0 = Release|Any CPU
		{B876FE3F-92BA-478B-B8F0-46B56B1B1EE9}.Debug|Any CPU.ActiveCfg = Debug|Any CPU
		{B876FE3F-92BA-478B-B8F0-46B56B1B1EE9}.Debug|Any CPU.Build.0 = Debug|Any CPU
		{B876FE3F-92BA-478B-B8F0-46B56B1B1EE9}.Release|Any CPU.ActiveCfg = Release|Any CPU
		{B876FE3F-92BA-478B-B8F0-46B56B1B1EE9}.Release|Any CPU.Build.0 = Release|Any CPU
		{DFB8A23B-6CC2-41FF-8FB6-3F9973947699}.Debug|Any CPU.ActiveCfg = Debug|Any CPU
		{DFB8A23B-6CC2-41FF-8FB6-3F9973947699}.Debug|Any CPU.Build.0 = Debug|Any CPU
		{DFB8A23B-6CC2-41FF-8FB6-3F9973947699}.Release|Any CPU.ActiveCfg = Release|Any CPU
		{DFB8A23B-6CC2-41FF-8FB6-3F9973947699}.Release|Any CPU.Build.0 = Release|Any CPU
		{7FBA5049-C99A-46AF-B454-725677CEFA0C}.Debug|Any CPU.ActiveCfg = Debug|Any CPU
		{7FBA5049-C99A-46AF-B454-725677CEFA0C}.Debug|Any CPU.Build.0 = Debug|Any CPU
		{7FBA5049-C99A-46AF-B454-725677CEFA0C}.Release|Any CPU.ActiveCfg = Release|Any CPU
		{7FBA5049-C99A-46AF-B454-725677CEFA0C}.Release|Any CPU.Build.0 = Release|Any CPU
		{57EAC730-4F50-444C-8CB7-2E6F25456558}.Debug|Any CPU.ActiveCfg = Debug|Any CPU
		{57EAC730-4F50-444C-8CB7-2E6F25456558}.Debug|Any CPU.Build.0 = Debug|Any CPU
		{57EAC730-4F50-444C-8CB7-2E6F25456558}.Release|Any CPU.ActiveCfg = Release|Any CPU
		{57EAC730-4F50-444C-8CB7-2E6F25456558}.Release|Any CPU.Build.0 = Release|Any CPU
		{9A94D892-58F2-4D75-ACD7-13A2BE142B59}.Debug|Any CPU.ActiveCfg = Debug|Any CPU
		{9A94D892-58F2-4D75-ACD7-13A2BE142B59}.Debug|Any CPU.Build.0 = Debug|Any CPU
		{9A94D892-58F2-4D75-ACD7-13A2BE142B59}.Release|Any CPU.ActiveCfg = Release|Any CPU
		{9A94D892-58F2-4D75-ACD7-13A2BE142B59}.Release|Any CPU.Build.0 = Release|Any CPU
		{991A758E-05D0-43B0-9961-34C6781A48EA}.Debug|Any CPU.ActiveCfg = Debug|Any CPU
		{991A758E-05D0-43B0-9961-34C6781A48EA}.Debug|Any CPU.Build.0 = Debug|Any CPU
		{991A758E-05D0-43B0-9961-34C6781A48EA}.Release|Any CPU.ActiveCfg = Release|Any CPU
		{991A758E-05D0-43B0-9961-34C6781A48EA}.Release|Any CPU.Build.0 = Release|Any CPU
		{16671427-1CCD-4575-8623-C8B4A018347F}.Debug|Any CPU.ActiveCfg = Debug|Any CPU
		{16671427-1CCD-4575-8623-C8B4A018347F}.Debug|Any CPU.Build.0 = Debug|Any CPU
		{16671427-1CCD-4575-8623-C8B4A018347F}.Release|Any CPU.ActiveCfg = Release|Any CPU
		{16671427-1CCD-4575-8623-C8B4A018347F}.Release|Any CPU.Build.0 = Release|Any CPU
		{05E3F1BE-A57A-446D-85CF-542204C32B04}.Debug|Any CPU.ActiveCfg = Debug|Any CPU
		{05E3F1BE-A57A-446D-85CF-542204C32B04}.Debug|Any CPU.Build.0 = Debug|Any CPU
		{05E3F1BE-A57A-446D-85CF-542204C32B04}.Release|Any CPU.ActiveCfg = Release|Any CPU
		{05E3F1BE-A57A-446D-85CF-542204C32B04}.Release|Any CPU.Build.0 = Release|Any CPU
		{DBF801EE-E5AF-49AA-815C-26257B611C05}.Debug|Any CPU.ActiveCfg = Debug|Any CPU
		{DBF801EE-E5AF-49AA-815C-26257B611C05}.Debug|Any CPU.Build.0 = Debug|Any CPU
		{DBF801EE-E5AF-49AA-815C-26257B611C05}.Release|Any CPU.ActiveCfg = Release|Any CPU
		{DBF801EE-E5AF-49AA-815C-26257B611C05}.Release|Any CPU.Build.0 = Release|Any CPU
		{3B58AD98-9C7D-427F-9792-7A57E1A64841}.Debug|Any CPU.ActiveCfg = Debug|Any CPU
		{3B58AD98-9C7D-427F-9792-7A57E1A64841}.Debug|Any CPU.Build.0 = Debug|Any CPU
		{3B58AD98-9C7D-427F-9792-7A57E1A64841}.Release|Any CPU.ActiveCfg = Release|Any CPU
		{3B58AD98-9C7D-427F-9792-7A57E1A64841}.Release|Any CPU.Build.0 = Release|Any CPU
		{830E4FB3-FCDA-49CB-8DB1-D56D42D8AA85}.Debug|Any CPU.ActiveCfg = Debug|Any CPU
		{830E4FB3-FCDA-49CB-8DB1-D56D42D8AA85}.Debug|Any CPU.Build.0 = Debug|Any CPU
		{830E4FB3-FCDA-49CB-8DB1-D56D42D8AA85}.Release|Any CPU.ActiveCfg = Release|Any CPU
		{830E4FB3-FCDA-49CB-8DB1-D56D42D8AA85}.Release|Any CPU.Build.0 = Release|Any CPU
		{9573CF54-F035-47D8-A00A-47A03B9AB7C3}.Debug|Any CPU.ActiveCfg = Debug|Any CPU
		{9573CF54-F035-47D8-A00A-47A03B9AB7C3}.Debug|Any CPU.Build.0 = Debug|Any CPU
		{9573CF54-F035-47D8-A00A-47A03B9AB7C3}.Release|Any CPU.ActiveCfg = Release|Any CPU
		{9573CF54-F035-47D8-A00A-47A03B9AB7C3}.Release|Any CPU.Build.0 = Release|Any CPU
		{44327216-F152-4EBA-AD64-DB05F94706BF}.Debug|Any CPU.ActiveCfg = Debug|Any CPU
		{44327216-F152-4EBA-AD64-DB05F94706BF}.Debug|Any CPU.Build.0 = Debug|Any CPU
		{44327216-F152-4EBA-AD64-DB05F94706BF}.Release|Any CPU.ActiveCfg = Release|Any CPU
		{44327216-F152-4EBA-AD64-DB05F94706BF}.Release|Any CPU.Build.0 = Release|Any CPU
		{E13F1E0A-2BF5-4AFA-9C08-6B2F27D3150F}.Debug|Any CPU.ActiveCfg = Debug|Any CPU
		{E13F1E0A-2BF5-4AFA-9C08-6B2F27D3150F}.Debug|Any CPU.Build.0 = Debug|Any CPU
		{E13F1E0A-2BF5-4AFA-9C08-6B2F27D3150F}.Release|Any CPU.ActiveCfg = Release|Any CPU
		{E13F1E0A-2BF5-4AFA-9C08-6B2F27D3150F}.Release|Any CPU.Build.0 = Release|Any CPU
	EndGlobalSection
	GlobalSection(SolutionProperties) = preSolution
		HideSolutionNode = FALSE
	EndGlobalSection
	GlobalSection(ExtensibilityGlobals) = postSolution
		SolutionGuid = {95BB20D6-4B23-400C-B087-472DD13AC0E4}
	EndGlobalSection
EndGlobal
