
Microsoft Visual Studio Solution File, Format Version 12.00
# Visual Studio Version 16
VisualStudioVersion = 16.0.31515.178
MinimumVisualStudioVersion = 10.0.40219.1
Project("{9A19103F-16F7-4668-BE54-9A1E7A4F7556}") = "1802. Maximum Value at a Given Index in a Bounded Array", "1802. Maximum Value at a Given Index in a Bounded Array\1802. Maximum Value at a Given Index in a Bounded Array.csproj", "{40F4A68E-8F58-4223-9FCC-EB767F482973}"
EndProject
Project("{9A19103F-16F7-4668-BE54-9A1E7A4F7556}") = "938. Range Sum of BST", "938. Range Sum of BST\938. Range Sum of BST.csproj", "{0B1DCDBC-4227-47CF-9941-A078B7EADED6}"
EndProject
Project("{9A19103F-16F7-4668-BE54-9A1E7A4F7556}") = "1970. Last Day Where You Can Still Cross", "1970. Last Day Where You Can Still Cross\1970. Last Day Where You Can Still Cross.csproj", "{62C76C22-DCB2-4ABE-AAC0-87F24D23102E}"
EndProject
Project("{FAE04EC0-301F-11D3-BF4B-00C04F79EFBC}") = "111. Minimum Depth of Binary Tree", "111. Minimum Depth of Binary Tree\111. Minimum Depth of Binary Tree.csproj", "{697EF529-B895-4324-8854-D7660A196A73}"
EndProject
Global
	GlobalSection(SolutionConfigurationPlatforms) = preSolution
		Debug|Any CPU = Debug|Any CPU
		Release|Any CPU = Release|Any CPU
	EndGlobalSection
	GlobalSection(ProjectConfigurationPlatforms) = postSolution
		{40F4A68E-8F58-4223-9FCC-EB767F482973}.Debug|Any CPU.ActiveCfg = Debug|Any CPU
		{40F4A68E-8F58-4223-9FCC-EB767F482973}.Debug|Any CPU.Build.0 = Debug|Any CPU
		{40F4A68E-8F58-4223-9FCC-EB767F482973}.Release|Any CPU.ActiveCfg = Release|Any CPU
		{40F4A68E-8F58-4223-9FCC-EB767F482973}.Release|Any CPU.Build.0 = Release|Any CPU
		{0B1DCDBC-4227-47CF-9941-A078B7EADED6}.Debug|Any CPU.ActiveCfg = Debug|Any CPU
		{0B1DCDBC-4227-47CF-9941-A078B7EADED6}.Debug|Any CPU.Build.0 = Debug|Any CPU
		{0B1DCDBC-4227-47CF-9941-A078B7EADED6}.Release|Any CPU.ActiveCfg = Release|Any CPU
		{0B1DCDBC-4227-47CF-9941-A078B7EADED6}.Release|Any CPU.Build.0 = Release|Any CPU
		{62C76C22-DCB2-4ABE-AAC0-87F24D23102E}.Debug|Any CPU.ActiveCfg = Debug|Any CPU
		{62C76C22-DCB2-4ABE-AAC0-87F24D23102E}.Debug|Any CPU.Build.0 = Debug|Any CPU
		{62C76C22-DCB2-4ABE-AAC0-87F24D23102E}.Release|Any CPU.ActiveCfg = Release|Any CPU
		{62C76C22-DCB2-4ABE-AAC0-87F24D23102E}.Release|Any CPU.Build.0 = Release|Any CPU
		{697EF529-B895-4324-8854-D7660A196A73}.Debug|Any CPU.ActiveCfg = Debug|Any CPU
		{697EF529-B895-4324-8854-D7660A196A73}.Debug|Any CPU.Build.0 = Debug|Any CPU
		{697EF529-B895-4324-8854-D7660A196A73}.Release|Any CPU.ActiveCfg = Release|Any CPU
		{697EF529-B895-4324-8854-D7660A196A73}.Release|Any CPU.Build.0 = Release|Any CPU
	EndGlobalSection
	GlobalSection(SolutionProperties) = preSolution
		HideSolutionNode = FALSE
	EndGlobalSection
	GlobalSection(ExtensibilityGlobals) = postSolution
		SolutionGuid = {B2F81629-A9BC-4A2B-9697-9578A24BE805}
	EndGlobalSection
EndGlobal
