
Microsoft Visual Studio Solution File, Format Version 12.00
# Visual Studio Version 16
VisualStudioVersion = 16.0.31515.178
MinimumVisualStudioVersion = 10.0.40219.1
Project("{9A19103F-16F7-4668-BE54-9A1E7A4F7556}") = "DynamicArray", "DynamicProgramming\DynamicArray.csproj", "{C88218FA-4DE7-4910-BA7E-ACCC933410DA}"
EndProject
Project("{FAE04EC0-301F-11D3-BF4B-00C04F79EFBC}") = "26. Remove Duplicates from Sorted Array", "26. Remove Duplicates from Sorted Array\26. Remove Duplicates from Sorted Array.csproj", "{321DC5D3-0647-413F-BD03-DC9241EF40A8}"
EndProject
Project("{FAE04EC0-301F-11D3-BF4B-00C04F79EFBC}") = "27. Remove Element", "27. Remove Element\27. Remove Element.csproj", "{D301967A-62D5-4463-A0BA-D5E36929B258}"
EndProject
Project("{FAE04EC0-301F-11D3-BF4B-00C04F79EFBC}") = "1929. Concatenation of Array", "1929. Concatenation of Array\1929. Concatenation of Array.csproj", "{C38BDBC9-9151-4F8C-A64A-65173FB41C80}"
EndProject
Project("{FAE04EC0-301F-11D3-BF4B-00C04F79EFBC}") = "stack", "stack\stack.csproj", "{6F37130A-1A8D-4C84-B5A3-F50D3E959403}"
EndProject
Project("{FAE04EC0-301F-11D3-BF4B-00C04F79EFBC}") = "682. Baseball Game", "682. Baseball Game\682. Baseball Game.csproj", "{929367D3-9EDD-472C-8CA7-8EC8D531B87A}"
EndProject
Project("{FAE04EC0-301F-11D3-BF4B-00C04F79EFBC}") = "20. Valid Parentheses", "20. Valid Parentheses\20. Valid Parentheses.csproj", "{6BD8D1EA-93FA-4AF9-B5B8-1632C8398C38}"
EndProject
Project("{FAE04EC0-301F-11D3-BF4B-00C04F79EFBC}") = "155. Min Stack", "155. Min Stack\155. Min Stack.csproj", "{216A33A7-4665-4481-8845-16626CB34993}"
EndProject
Project("{FAE04EC0-301F-11D3-BF4B-00C04F79EFBC}") = "206. Reverse Linked List", "206. Reverse Linked List\206. Reverse Linked List.csproj", "{17FAC147-E991-47EE-8281-741E12C5AF0C}"
EndProject
Project("{FAE04EC0-301F-11D3-BF4B-00C04F79EFBC}") = "21. Merge Two Sorted Lists", "21. Merge Two Sorted Lists\21. Merge Two Sorted Lists.csproj", "{34E515B2-A1BC-4067-A1CB-ABCF97CB9698}"
EndProject
Project("{FAE04EC0-301F-11D3-BF4B-00C04F79EFBC}") = "71. Simplify Path", "71. Simplify Path\71. Simplify Path.csproj", "{EB579C8E-AD55-4652-96A9-703F2A9E8099}"
EndProject
Global
	GlobalSection(SolutionConfigurationPlatforms) = preSolution
		Debug|Any CPU = Debug|Any CPU
		Release|Any CPU = Release|Any CPU
	EndGlobalSection
	GlobalSection(ProjectConfigurationPlatforms) = postSolution
		{C88218FA-4DE7-4910-BA7E-ACCC933410DA}.Debug|Any CPU.ActiveCfg = Debug|Any CPU
		{C88218FA-4DE7-4910-BA7E-ACCC933410DA}.Debug|Any CPU.Build.0 = Debug|Any CPU
		{C88218FA-4DE7-4910-BA7E-ACCC933410DA}.Release|Any CPU.ActiveCfg = Release|Any CPU
		{C88218FA-4DE7-4910-BA7E-ACCC933410DA}.Release|Any CPU.Build.0 = Release|Any CPU
		{321DC5D3-0647-413F-BD03-DC9241EF40A8}.Debug|Any CPU.ActiveCfg = Debug|Any CPU
		{321DC5D3-0647-413F-BD03-DC9241EF40A8}.Debug|Any CPU.Build.0 = Debug|Any CPU
		{321DC5D3-0647-413F-BD03-DC9241EF40A8}.Release|Any CPU.ActiveCfg = Release|Any CPU
		{321DC5D3-0647-413F-BD03-DC9241EF40A8}.Release|Any CPU.Build.0 = Release|Any CPU
		{D301967A-62D5-4463-A0BA-D5E36929B258}.Debug|Any CPU.ActiveCfg = Debug|Any CPU
		{D301967A-62D5-4463-A0BA-D5E36929B258}.Debug|Any CPU.Build.0 = Debug|Any CPU
		{D301967A-62D5-4463-A0BA-D5E36929B258}.Release|Any CPU.ActiveCfg = Release|Any CPU
		{D301967A-62D5-4463-A0BA-D5E36929B258}.Release|Any CPU.Build.0 = Release|Any CPU
		{C38BDBC9-9151-4F8C-A64A-65173FB41C80}.Debug|Any CPU.ActiveCfg = Debug|Any CPU
		{C38BDBC9-9151-4F8C-A64A-65173FB41C80}.Debug|Any CPU.Build.0 = Debug|Any CPU
		{C38BDBC9-9151-4F8C-A64A-65173FB41C80}.Release|Any CPU.ActiveCfg = Release|Any CPU
		{C38BDBC9-9151-4F8C-A64A-65173FB41C80}.Release|Any CPU.Build.0 = Release|Any CPU
		{6F37130A-1A8D-4C84-B5A3-F50D3E959403}.Debug|Any CPU.ActiveCfg = Debug|Any CPU
		{6F37130A-1A8D-4C84-B5A3-F50D3E959403}.Debug|Any CPU.Build.0 = Debug|Any CPU
		{6F37130A-1A8D-4C84-B5A3-F50D3E959403}.Release|Any CPU.ActiveCfg = Release|Any CPU
		{6F37130A-1A8D-4C84-B5A3-F50D3E959403}.Release|Any CPU.Build.0 = Release|Any CPU
		{929367D3-9EDD-472C-8CA7-8EC8D531B87A}.Debug|Any CPU.ActiveCfg = Debug|Any CPU
		{929367D3-9EDD-472C-8CA7-8EC8D531B87A}.Debug|Any CPU.Build.0 = Debug|Any CPU
		{929367D3-9EDD-472C-8CA7-8EC8D531B87A}.Release|Any CPU.ActiveCfg = Release|Any CPU
		{929367D3-9EDD-472C-8CA7-8EC8D531B87A}.Release|Any CPU.Build.0 = Release|Any CPU
		{6BD8D1EA-93FA-4AF9-B5B8-1632C8398C38}.Debug|Any CPU.ActiveCfg = Debug|Any CPU
		{6BD8D1EA-93FA-4AF9-B5B8-1632C8398C38}.Debug|Any CPU.Build.0 = Debug|Any CPU
		{6BD8D1EA-93FA-4AF9-B5B8-1632C8398C38}.Release|Any CPU.ActiveCfg = Release|Any CPU
		{6BD8D1EA-93FA-4AF9-B5B8-1632C8398C38}.Release|Any CPU.Build.0 = Release|Any CPU
		{216A33A7-4665-4481-8845-16626CB34993}.Debug|Any CPU.ActiveCfg = Debug|Any CPU
		{216A33A7-4665-4481-8845-16626CB34993}.Debug|Any CPU.Build.0 = Debug|Any CPU
		{216A33A7-4665-4481-8845-16626CB34993}.Release|Any CPU.ActiveCfg = Release|Any CPU
		{216A33A7-4665-4481-8845-16626CB34993}.Release|Any CPU.Build.0 = Release|Any CPU
		{17FAC147-E991-47EE-8281-741E12C5AF0C}.Debug|Any CPU.ActiveCfg = Debug|Any CPU
		{17FAC147-E991-47EE-8281-741E12C5AF0C}.Debug|Any CPU.Build.0 = Debug|Any CPU
		{17FAC147-E991-47EE-8281-741E12C5AF0C}.Release|Any CPU.ActiveCfg = Release|Any CPU
		{17FAC147-E991-47EE-8281-741E12C5AF0C}.Release|Any CPU.Build.0 = Release|Any CPU
		{34E515B2-A1BC-4067-A1CB-ABCF97CB9698}.Debug|Any CPU.ActiveCfg = Debug|Any CPU
		{34E515B2-A1BC-4067-A1CB-ABCF97CB9698}.Debug|Any CPU.Build.0 = Debug|Any CPU
		{34E515B2-A1BC-4067-A1CB-ABCF97CB9698}.Release|Any CPU.ActiveCfg = Release|Any CPU
		{34E515B2-A1BC-4067-A1CB-ABCF97CB9698}.Release|Any CPU.Build.0 = Release|Any CPU
		{EB579C8E-AD55-4652-96A9-703F2A9E8099}.Debug|Any CPU.ActiveCfg = Debug|Any CPU
		{EB579C8E-AD55-4652-96A9-703F2A9E8099}.Debug|Any CPU.Build.0 = Debug|Any CPU
		{EB579C8E-AD55-4652-96A9-703F2A9E8099}.Release|Any CPU.ActiveCfg = Release|Any CPU
		{EB579C8E-AD55-4652-96A9-703F2A9E8099}.Release|Any CPU.Build.0 = Release|Any CPU
	EndGlobalSection
	GlobalSection(SolutionProperties) = preSolution
		HideSolutionNode = FALSE
	EndGlobalSection
	GlobalSection(ExtensibilityGlobals) = postSolution
		SolutionGuid = {A942A89D-37D2-4086-87D4-281353F11EBE}
	EndGlobalSection
EndGlobal
