
Microsoft Visual Studio Solution File, Format Version 12.00
# Visual Studio Version 16
VisualStudioVersion = 16.0.31515.178
MinimumVisualStudioVersion = 10.0.40219.1
Project("{9A19103F-16F7-4668-BE54-9A1E7A4F7556}") = "DynamicArray", "DynamicProgramming\DynamicArray.csproj", "{C88218FA-4DE7-4910-BA7E-ACCC933410DA}"
EndProject
Project("{9A19103F-16F7-4668-BE54-9A1E7A4F7556}") = "26. Remove Duplicates from Sorted Array", "26. Remove Duplicates from Sorted Array\26. Remove Duplicates from Sorted Array.csproj", "{321DC5D3-0647-413F-BD03-DC9241EF40A8}"
EndProject
Project("{9A19103F-16F7-4668-BE54-9A1E7A4F7556}") = "27. Remove Element", "27. Remove Element\27. Remove Element.csproj", "{D301967A-62D5-4463-A0BA-D5E36929B258}"
EndProject
Project("{9A19103F-16F7-4668-BE54-9A1E7A4F7556}") = "1929. Concatenation of Array", "1929. Concatenation of Array\1929. Concatenation of Array.csproj", "{C38BDBC9-9151-4F8C-A64A-65173FB41C80}"
EndProject
Project("{9A19103F-16F7-4668-BE54-9A1E7A4F7556}") = "stack", "stack\stack.csproj", "{6F37130A-1A8D-4C84-B5A3-F50D3E959403}"
EndProject
Project("{9A19103F-16F7-4668-BE54-9A1E7A4F7556}") = "682. Baseball Game", "682. Baseball Game\682. Baseball Game.csproj", "{929367D3-9EDD-472C-8CA7-8EC8D531B87A}"
EndProject
Project("{9A19103F-16F7-4668-BE54-9A1E7A4F7556}") = "20. Valid Parentheses", "20. Valid Parentheses\20. Valid Parentheses.csproj", "{6BD8D1EA-93FA-4AF9-B5B8-1632C8398C38}"
EndProject
Project("{9A19103F-16F7-4668-BE54-9A1E7A4F7556}") = "155. Min Stack", "155. Min Stack\155. Min Stack.csproj", "{216A33A7-4665-4481-8845-16626CB34993}"
EndProject
Project("{9A19103F-16F7-4668-BE54-9A1E7A4F7556}") = "206. Reverse Linked List", "206. Reverse Linked List\206. Reverse Linked List.csproj", "{17FAC147-E991-47EE-8281-741E12C5AF0C}"
EndProject
Project("{9A19103F-16F7-4668-BE54-9A1E7A4F7556}") = "21. Merge Two Sorted Lists", "21. Merge Two Sorted Lists\21. Merge Two Sorted Lists.csproj", "{34E515B2-A1BC-4067-A1CB-ABCF97CB9698}"
EndProject
Project("{9A19103F-16F7-4668-BE54-9A1E7A4F7556}") = "71. Simplify Path", "71. Simplify Path\71. Simplify Path.csproj", "{EB579C8E-AD55-4652-96A9-703F2A9E8099}"
EndProject
Project("{9A19103F-16F7-4668-BE54-9A1E7A4F7556}") = "DoubleLinkedList", "DoubleLinkedList\DoubleLinkedList.csproj", "{4DBA9C17-EE94-4218-A6B2-74122B56CCFB}"
EndProject
Project("{9A19103F-16F7-4668-BE54-9A1E7A4F7556}") = "707. Design Linked List", "707. Design Linked List\707. Design Linked List.csproj", "{74EE4722-00FD-4E5B-8CE6-539B5FAA7F04}"
EndProject
Project("{9A19103F-16F7-4668-BE54-9A1E7A4F7556}") = "946. Validate Stack Sequences", "946. Validate Stack Sequences\946. Validate Stack Sequences.csproj", "{1C9FF209-A35C-4CD0-B188-44F75180260D}"
EndProject
Project("{9A19103F-16F7-4668-BE54-9A1E7A4F7556}") = "1639. Number of Ways to Form a Target String Given a Dictionary", "1639. Number of Ways to Form a Target String Given a Dictionary\1639. Number of Ways to Form a Target String Given a Dictionary.csproj", "{FD614A13-766F-4276-9089-2297201D25F3}"
EndProject
Project("{9A19103F-16F7-4668-BE54-9A1E7A4F7556}") = "1472. Design Browser History", "1472. Design Browser History\1472. Design Browser History.csproj", "{104DCA48-D46C-45F1-A0C8-09048EDA652B}"
EndProject
Project("{9A19103F-16F7-4668-BE54-9A1E7A4F7556}") = "662. Maximum Width of Binary Tree", "662. Maximum Width of Binary Tree\662. Maximum Width of Binary Tree.csproj", "{ED26C46D-2E7F-4A91-A26B-AE229981FEB2}"
EndProject
Project("{9A19103F-16F7-4668-BE54-9A1E7A4F7556}") = "1046. Last Stone Weight", "1046. Last Stone Weight\1046. Last Stone Weight.csproj", "{8138E0C2-F0A4-49FF-A861-7237094FC933}"
EndProject
Project("{9A19103F-16F7-4668-BE54-9A1E7A4F7556}") = "Queue", "Queue\Queue.csproj", "{218503AC-6662-4540-9688-249998DB5802}"
EndProject
Project("{9A19103F-16F7-4668-BE54-9A1E7A4F7556}") = "2336. Smallest Number in Infinite Set", "2336. Smallest Number in Infinite Set\2336. Smallest Number in Infinite Set.csproj", "{82FAD5DF-C034-40F1-8F71-A141214FC349}"
EndProject
Project("{9A19103F-16F7-4668-BE54-9A1E7A4F7556}") = "1700. Number of Students Unable to Eat Lunch", "1700. Number of Students Unable to Eat Lunch\1700. Number of Students Unable to Eat Lunch.csproj", "{2CAE0EDD-97F3-4587-925C-C95079D5A56F}"
EndProject
Project("{9A19103F-16F7-4668-BE54-9A1E7A4F7556}") = "1456 Maximum Number of Vowels in a Substring of Given Length", "1456 Maximum Number of Vowels in a Substring of Given Length\1456 Maximum Number of Vowels in a Substring of Given Length.csproj", "{16AF831D-C1CB-4135-B28E-9244C03EDEF6}"
EndProject
Project("{9A19103F-16F7-4668-BE54-9A1E7A4F7556}") = "1498. Number of Subsequences That Satisfy the Given Sum Condition", "1498. Number of Subsequences That Satisfy the Given Sum Condition\1498. Number of Subsequences That Satisfy the Given Sum Condition.csproj", "{3986DFD9-1BEB-404C-A7F2-CBF0EA3ED540}"
EndProject
Project("{9A19103F-16F7-4668-BE54-9A1E7A4F7556}") = "1964. Find the Longest Valid Obstacle Course at Each Position", "1964. Find the Longest Valid Obstacle Course at Each Position\1964. Find the Longest Valid Obstacle Course at Each Position.csproj", "{7949C6C5-B105-407B-9385-4F8209466B90}"
EndProject
Project("{9A19103F-16F7-4668-BE54-9A1E7A4F7556}") = "54. Spiral Matrix", "54. Spiral Matrix\54. Spiral Matrix.csproj", "{2B493A94-6724-4DF2-AEDF-60B5C528D526}"
EndProject
Project("{9A19103F-16F7-4668-BE54-9A1E7A4F7556}") = "1721. Swapping Nodes in a Linked List", "1721. Swapping Nodes in a Linked List\1721. Swapping Nodes in a Linked List.csproj", "{5334C08B-44A9-48D0-978C-A401AB439109}"
EndProject
Project("{9A19103F-16F7-4668-BE54-9A1E7A4F7556}") = "24. Swap Nodes in Pairs", "24. Swap Nodes in Pairs\24. Swap Nodes in Pairs.csproj", "{1F5D3797-0620-45C0-B81E-E27A57BC1702}"
EndProject
Project("{9A19103F-16F7-4668-BE54-9A1E7A4F7556}") = "25. Reverse Nodes in k-Group", "25. Reverse Nodes in k-Group\25. Reverse Nodes in k-Group.csproj", "{C8811204-1381-4D98-B4EA-1D43FB6E2B34}"
EndProject
Project("{9A19103F-16F7-4668-BE54-9A1E7A4F7556}") = "2130. Maximum Twin Sum of a Linked List", "2130. Maximum Twin Sum of a Linked List\2130. Maximum Twin Sum of a Linked List.csproj", "{A0BFA683-0CE2-46A7-B85B-B3CE1ADC6581}"
EndProject
Project("{9A19103F-16F7-4668-BE54-9A1E7A4F7556}") = "1603. Design Parking System", "1603. Design Parking System\1603. Design Parking System.csproj", "{D0BFB380-EF36-4B79-B6A8-3D44C93DED13}"
EndProject
Project("{9A19103F-16F7-4668-BE54-9A1E7A4F7556}") = "1396. Design Underground System", "1396. Design Underground System\1396. Design Underground System.csproj", "{2F559F94-6A7F-4F9D-AA29-5E8A4F4B06BA}"
EndProject
Project("{9A19103F-16F7-4668-BE54-9A1E7A4F7556}") = "1502. Can Make Arithmetic Progression From Sequence", "1502. Can Make Arithmetic Progression From Sequence\1502. Can Make Arithmetic Progression From Sequence.csproj", "{8D2494A2-23F9-4A69-B882-34D404403B68}"
EndProject
Project("{9A19103F-16F7-4668-BE54-9A1E7A4F7556}") = "1146. Snapshot Array", "1146. Snapshot Array\1146. Snapshot Array.csproj", "{114EF5AB-33A0-464E-9A39-1DDCEDEAAF4D}"
EndProject
Project("{9A19103F-16F7-4668-BE54-9A1E7A4F7556}") = "2352. Equal Row and Column Pairs", "2352. Equal Row and Column Pairs\2352. Equal Row and Column Pairs.csproj", "{E93A531E-97E3-4D0D-B63A-38FE170F5249}"
EndProject
Project("{9A19103F-16F7-4668-BE54-9A1E7A4F7556}") = "1161. Maximum Level Sum of a Binary Tree", "1161. Maximum Level Sum of a Binary Tree\1161. Maximum Level Sum of a Binary Tree.csproj", "{168298D1-D9F4-4519-8FA6-0DA39ED167E6}"
EndProject
Project("{9A19103F-16F7-4668-BE54-9A1E7A4F7556}") = "2328. Number of Increasing Paths in a Grid", "2328. Number of Increasing Paths in a Grid\2328. Number of Increasing Paths in a Grid.csproj", "{934A3E6F-9252-418C-BC37-5CE714DEE530}"
EndProject
Project("{9A19103F-16F7-4668-BE54-9A1E7A4F7556}") = "2090. K Radius Subarray Averages_PrefixSum", "2090. K Radius Subarray Averages_PrefixSum\2090. K Radius Subarray Averages_PrefixSum.csproj", "{CDF5D797-13E8-42DF-95C7-CF81DEC589C8}"
EndProject
Project("{9A19103F-16F7-4668-BE54-9A1E7A4F7556}") = "2090. K Radius Subarray Averages_slidingWindow", "2090. K Radius Subarray Averages_slidingWindow\2090. K Radius Subarray Averages_slidingWindow.csproj", "{3CC2147D-9FE7-4BE1-B0AE-0E1A94C9FFB5}"
EndProject
Project("{FAE04EC0-301F-11D3-BF4B-00C04F79EFBC}") = "2448. Minimum Cost to Make Array Equal", "2448. Minimum Cost to Make Array Equal\2448. Minimum Cost to Make Array Equal.csproj", "{2C1ED42C-0228-44D2-B6F9-91D3F2C07972}"
EndProject
Global
	GlobalSection(SolutionConfigurationPlatforms) = preSolution
		Debug|Any CPU = Debug|Any CPU
		Release|Any CPU = Release|Any CPU
	EndGlobalSection
	GlobalSection(ProjectConfigurationPlatforms) = postSolution
		{C88218FA-4DE7-4910-BA7E-ACCC933410DA}.Debug|Any CPU.ActiveCfg = Debug|Any CPU
		{C88218FA-4DE7-4910-BA7E-ACCC933410DA}.Debug|Any CPU.Build.0 = Debug|Any CPU
		{C88218FA-4DE7-4910-BA7E-ACCC933410DA}.Release|Any CPU.ActiveCfg = Release|Any CPU
		{C88218FA-4DE7-4910-BA7E-ACCC933410DA}.Release|Any CPU.Build.0 = Release|Any CPU
		{321DC5D3-0647-413F-BD03-DC9241EF40A8}.Debug|Any CPU.ActiveCfg = Debug|Any CPU
		{321DC5D3-0647-413F-BD03-DC9241EF40A8}.Debug|Any CPU.Build.0 = Debug|Any CPU
		{321DC5D3-0647-413F-BD03-DC9241EF40A8}.Release|Any CPU.ActiveCfg = Release|Any CPU
		{321DC5D3-0647-413F-BD03-DC9241EF40A8}.Release|Any CPU.Build.0 = Release|Any CPU
		{D301967A-62D5-4463-A0BA-D5E36929B258}.Debug|Any CPU.ActiveCfg = Debug|Any CPU
		{D301967A-62D5-4463-A0BA-D5E36929B258}.Debug|Any CPU.Build.0 = Debug|Any CPU
		{D301967A-62D5-4463-A0BA-D5E36929B258}.Release|Any CPU.ActiveCfg = Release|Any CPU
		{D301967A-62D5-4463-A0BA-D5E36929B258}.Release|Any CPU.Build.0 = Release|Any CPU
		{C38BDBC9-9151-4F8C-A64A-65173FB41C80}.Debug|Any CPU.ActiveCfg = Debug|Any CPU
		{C38BDBC9-9151-4F8C-A64A-65173FB41C80}.Debug|Any CPU.Build.0 = Debug|Any CPU
		{C38BDBC9-9151-4F8C-A64A-65173FB41C80}.Release|Any CPU.ActiveCfg = Release|Any CPU
		{C38BDBC9-9151-4F8C-A64A-65173FB41C80}.Release|Any CPU.Build.0 = Release|Any CPU
		{6F37130A-1A8D-4C84-B5A3-F50D3E959403}.Debug|Any CPU.ActiveCfg = Debug|Any CPU
		{6F37130A-1A8D-4C84-B5A3-F50D3E959403}.Debug|Any CPU.Build.0 = Debug|Any CPU
		{6F37130A-1A8D-4C84-B5A3-F50D3E959403}.Release|Any CPU.ActiveCfg = Release|Any CPU
		{6F37130A-1A8D-4C84-B5A3-F50D3E959403}.Release|Any CPU.Build.0 = Release|Any CPU
		{929367D3-9EDD-472C-8CA7-8EC8D531B87A}.Debug|Any CPU.ActiveCfg = Debug|Any CPU
		{929367D3-9EDD-472C-8CA7-8EC8D531B87A}.Debug|Any CPU.Build.0 = Debug|Any CPU
		{929367D3-9EDD-472C-8CA7-8EC8D531B87A}.Release|Any CPU.ActiveCfg = Release|Any CPU
		{929367D3-9EDD-472C-8CA7-8EC8D531B87A}.Release|Any CPU.Build.0 = Release|Any CPU
		{6BD8D1EA-93FA-4AF9-B5B8-1632C8398C38}.Debug|Any CPU.ActiveCfg = Debug|Any CPU
		{6BD8D1EA-93FA-4AF9-B5B8-1632C8398C38}.Debug|Any CPU.Build.0 = Debug|Any CPU
		{6BD8D1EA-93FA-4AF9-B5B8-1632C8398C38}.Release|Any CPU.ActiveCfg = Release|Any CPU
		{6BD8D1EA-93FA-4AF9-B5B8-1632C8398C38}.Release|Any CPU.Build.0 = Release|Any CPU
		{216A33A7-4665-4481-8845-16626CB34993}.Debug|Any CPU.ActiveCfg = Debug|Any CPU
		{216A33A7-4665-4481-8845-16626CB34993}.Debug|Any CPU.Build.0 = Debug|Any CPU
		{216A33A7-4665-4481-8845-16626CB34993}.Release|Any CPU.ActiveCfg = Release|Any CPU
		{216A33A7-4665-4481-8845-16626CB34993}.Release|Any CPU.Build.0 = Release|Any CPU
		{17FAC147-E991-47EE-8281-741E12C5AF0C}.Debug|Any CPU.ActiveCfg = Debug|Any CPU
		{17FAC147-E991-47EE-8281-741E12C5AF0C}.Debug|Any CPU.Build.0 = Debug|Any CPU
		{17FAC147-E991-47EE-8281-741E12C5AF0C}.Release|Any CPU.ActiveCfg = Release|Any CPU
		{17FAC147-E991-47EE-8281-741E12C5AF0C}.Release|Any CPU.Build.0 = Release|Any CPU
		{34E515B2-A1BC-4067-A1CB-ABCF97CB9698}.Debug|Any CPU.ActiveCfg = Debug|Any CPU
		{34E515B2-A1BC-4067-A1CB-ABCF97CB9698}.Debug|Any CPU.Build.0 = Debug|Any CPU
		{34E515B2-A1BC-4067-A1CB-ABCF97CB9698}.Release|Any CPU.ActiveCfg = Release|Any CPU
		{34E515B2-A1BC-4067-A1CB-ABCF97CB9698}.Release|Any CPU.Build.0 = Release|Any CPU
		{EB579C8E-AD55-4652-96A9-703F2A9E8099}.Debug|Any CPU.ActiveCfg = Debug|Any CPU
		{EB579C8E-AD55-4652-96A9-703F2A9E8099}.Debug|Any CPU.Build.0 = Debug|Any CPU
		{EB579C8E-AD55-4652-96A9-703F2A9E8099}.Release|Any CPU.ActiveCfg = Release|Any CPU
		{EB579C8E-AD55-4652-96A9-703F2A9E8099}.Release|Any CPU.Build.0 = Release|Any CPU
		{4DBA9C17-EE94-4218-A6B2-74122B56CCFB}.Debug|Any CPU.ActiveCfg = Debug|Any CPU
		{4DBA9C17-EE94-4218-A6B2-74122B56CCFB}.Debug|Any CPU.Build.0 = Debug|Any CPU
		{4DBA9C17-EE94-4218-A6B2-74122B56CCFB}.Release|Any CPU.ActiveCfg = Release|Any CPU
		{4DBA9C17-EE94-4218-A6B2-74122B56CCFB}.Release|Any CPU.Build.0 = Release|Any CPU
		{74EE4722-00FD-4E5B-8CE6-539B5FAA7F04}.Debug|Any CPU.ActiveCfg = Debug|Any CPU
		{74EE4722-00FD-4E5B-8CE6-539B5FAA7F04}.Debug|Any CPU.Build.0 = Debug|Any CPU
		{74EE4722-00FD-4E5B-8CE6-539B5FAA7F04}.Release|Any CPU.ActiveCfg = Release|Any CPU
		{74EE4722-00FD-4E5B-8CE6-539B5FAA7F04}.Release|Any CPU.Build.0 = Release|Any CPU
		{1C9FF209-A35C-4CD0-B188-44F75180260D}.Debug|Any CPU.ActiveCfg = Debug|Any CPU
		{1C9FF209-A35C-4CD0-B188-44F75180260D}.Debug|Any CPU.Build.0 = Debug|Any CPU
		{1C9FF209-A35C-4CD0-B188-44F75180260D}.Release|Any CPU.ActiveCfg = Release|Any CPU
		{1C9FF209-A35C-4CD0-B188-44F75180260D}.Release|Any CPU.Build.0 = Release|Any CPU
		{FD614A13-766F-4276-9089-2297201D25F3}.Debug|Any CPU.ActiveCfg = Debug|Any CPU
		{FD614A13-766F-4276-9089-2297201D25F3}.Debug|Any CPU.Build.0 = Debug|Any CPU
		{FD614A13-766F-4276-9089-2297201D25F3}.Release|Any CPU.ActiveCfg = Release|Any CPU
		{FD614A13-766F-4276-9089-2297201D25F3}.Release|Any CPU.Build.0 = Release|Any CPU
		{104DCA48-D46C-45F1-A0C8-09048EDA652B}.Debug|Any CPU.ActiveCfg = Debug|Any CPU
		{104DCA48-D46C-45F1-A0C8-09048EDA652B}.Debug|Any CPU.Build.0 = Debug|Any CPU
		{104DCA48-D46C-45F1-A0C8-09048EDA652B}.Release|Any CPU.ActiveCfg = Release|Any CPU
		{104DCA48-D46C-45F1-A0C8-09048EDA652B}.Release|Any CPU.Build.0 = Release|Any CPU
		{ED26C46D-2E7F-4A91-A26B-AE229981FEB2}.Debug|Any CPU.ActiveCfg = Debug|Any CPU
		{ED26C46D-2E7F-4A91-A26B-AE229981FEB2}.Debug|Any CPU.Build.0 = Debug|Any CPU
		{ED26C46D-2E7F-4A91-A26B-AE229981FEB2}.Release|Any CPU.ActiveCfg = Release|Any CPU
		{ED26C46D-2E7F-4A91-A26B-AE229981FEB2}.Release|Any CPU.Build.0 = Release|Any CPU
		{8138E0C2-F0A4-49FF-A861-7237094FC933}.Debug|Any CPU.ActiveCfg = Debug|Any CPU
		{8138E0C2-F0A4-49FF-A861-7237094FC933}.Debug|Any CPU.Build.0 = Debug|Any CPU
		{8138E0C2-F0A4-49FF-A861-7237094FC933}.Release|Any CPU.ActiveCfg = Release|Any CPU
		{8138E0C2-F0A4-49FF-A861-7237094FC933}.Release|Any CPU.Build.0 = Release|Any CPU
		{218503AC-6662-4540-9688-249998DB5802}.Debug|Any CPU.ActiveCfg = Debug|Any CPU
		{218503AC-6662-4540-9688-249998DB5802}.Debug|Any CPU.Build.0 = Debug|Any CPU
		{218503AC-6662-4540-9688-249998DB5802}.Release|Any CPU.ActiveCfg = Release|Any CPU
		{218503AC-6662-4540-9688-249998DB5802}.Release|Any CPU.Build.0 = Release|Any CPU
		{82FAD5DF-C034-40F1-8F71-A141214FC349}.Debug|Any CPU.ActiveCfg = Debug|Any CPU
		{82FAD5DF-C034-40F1-8F71-A141214FC349}.Debug|Any CPU.Build.0 = Debug|Any CPU
		{82FAD5DF-C034-40F1-8F71-A141214FC349}.Release|Any CPU.ActiveCfg = Release|Any CPU
		{82FAD5DF-C034-40F1-8F71-A141214FC349}.Release|Any CPU.Build.0 = Release|Any CPU
		{2CAE0EDD-97F3-4587-925C-C95079D5A56F}.Debug|Any CPU.ActiveCfg = Debug|Any CPU
		{2CAE0EDD-97F3-4587-925C-C95079D5A56F}.Debug|Any CPU.Build.0 = Debug|Any CPU
		{2CAE0EDD-97F3-4587-925C-C95079D5A56F}.Release|Any CPU.ActiveCfg = Release|Any CPU
		{2CAE0EDD-97F3-4587-925C-C95079D5A56F}.Release|Any CPU.Build.0 = Release|Any CPU
		{16AF831D-C1CB-4135-B28E-9244C03EDEF6}.Debug|Any CPU.ActiveCfg = Debug|Any CPU
		{16AF831D-C1CB-4135-B28E-9244C03EDEF6}.Debug|Any CPU.Build.0 = Debug|Any CPU
		{16AF831D-C1CB-4135-B28E-9244C03EDEF6}.Release|Any CPU.ActiveCfg = Release|Any CPU
		{16AF831D-C1CB-4135-B28E-9244C03EDEF6}.Release|Any CPU.Build.0 = Release|Any CPU
		{3986DFD9-1BEB-404C-A7F2-CBF0EA3ED540}.Debug|Any CPU.ActiveCfg = Debug|Any CPU
		{3986DFD9-1BEB-404C-A7F2-CBF0EA3ED540}.Debug|Any CPU.Build.0 = Debug|Any CPU
		{3986DFD9-1BEB-404C-A7F2-CBF0EA3ED540}.Release|Any CPU.ActiveCfg = Release|Any CPU
		{3986DFD9-1BEB-404C-A7F2-CBF0EA3ED540}.Release|Any CPU.Build.0 = Release|Any CPU
		{7949C6C5-B105-407B-9385-4F8209466B90}.Debug|Any CPU.ActiveCfg = Debug|Any CPU
		{7949C6C5-B105-407B-9385-4F8209466B90}.Debug|Any CPU.Build.0 = Debug|Any CPU
		{7949C6C5-B105-407B-9385-4F8209466B90}.Release|Any CPU.ActiveCfg = Release|Any CPU
		{7949C6C5-B105-407B-9385-4F8209466B90}.Release|Any CPU.Build.0 = Release|Any CPU
		{2B493A94-6724-4DF2-AEDF-60B5C528D526}.Debug|Any CPU.ActiveCfg = Debug|Any CPU
		{2B493A94-6724-4DF2-AEDF-60B5C528D526}.Debug|Any CPU.Build.0 = Debug|Any CPU
		{2B493A94-6724-4DF2-AEDF-60B5C528D526}.Release|Any CPU.ActiveCfg = Release|Any CPU
		{2B493A94-6724-4DF2-AEDF-60B5C528D526}.Release|Any CPU.Build.0 = Release|Any CPU
		{5334C08B-44A9-48D0-978C-A401AB439109}.Debug|Any CPU.ActiveCfg = Debug|Any CPU
		{5334C08B-44A9-48D0-978C-A401AB439109}.Debug|Any CPU.Build.0 = Debug|Any CPU
		{5334C08B-44A9-48D0-978C-A401AB439109}.Release|Any CPU.ActiveCfg = Release|Any CPU
		{5334C08B-44A9-48D0-978C-A401AB439109}.Release|Any CPU.Build.0 = Release|Any CPU
		{1F5D3797-0620-45C0-B81E-E27A57BC1702}.Debug|Any CPU.ActiveCfg = Debug|Any CPU
		{1F5D3797-0620-45C0-B81E-E27A57BC1702}.Debug|Any CPU.Build.0 = Debug|Any CPU
		{1F5D3797-0620-45C0-B81E-E27A57BC1702}.Release|Any CPU.ActiveCfg = Release|Any CPU
		{1F5D3797-0620-45C0-B81E-E27A57BC1702}.Release|Any CPU.Build.0 = Release|Any CPU
		{C8811204-1381-4D98-B4EA-1D43FB6E2B34}.Debug|Any CPU.ActiveCfg = Debug|Any CPU
		{C8811204-1381-4D98-B4EA-1D43FB6E2B34}.Debug|Any CPU.Build.0 = Debug|Any CPU
		{C8811204-1381-4D98-B4EA-1D43FB6E2B34}.Release|Any CPU.ActiveCfg = Release|Any CPU
		{C8811204-1381-4D98-B4EA-1D43FB6E2B34}.Release|Any CPU.Build.0 = Release|Any CPU
		{A0BFA683-0CE2-46A7-B85B-B3CE1ADC6581}.Debug|Any CPU.ActiveCfg = Debug|Any CPU
		{A0BFA683-0CE2-46A7-B85B-B3CE1ADC6581}.Debug|Any CPU.Build.0 = Debug|Any CPU
		{A0BFA683-0CE2-46A7-B85B-B3CE1ADC6581}.Release|Any CPU.ActiveCfg = Release|Any CPU
		{A0BFA683-0CE2-46A7-B85B-B3CE1ADC6581}.Release|Any CPU.Build.0 = Release|Any CPU
		{D0BFB380-EF36-4B79-B6A8-3D44C93DED13}.Debug|Any CPU.ActiveCfg = Debug|Any CPU
		{D0BFB380-EF36-4B79-B6A8-3D44C93DED13}.Debug|Any CPU.Build.0 = Debug|Any CPU
		{D0BFB380-EF36-4B79-B6A8-3D44C93DED13}.Release|Any CPU.ActiveCfg = Release|Any CPU
		{D0BFB380-EF36-4B79-B6A8-3D44C93DED13}.Release|Any CPU.Build.0 = Release|Any CPU
		{2F559F94-6A7F-4F9D-AA29-5E8A4F4B06BA}.Debug|Any CPU.ActiveCfg = Debug|Any CPU
		{2F559F94-6A7F-4F9D-AA29-5E8A4F4B06BA}.Debug|Any CPU.Build.0 = Debug|Any CPU
		{2F559F94-6A7F-4F9D-AA29-5E8A4F4B06BA}.Release|Any CPU.ActiveCfg = Release|Any CPU
		{2F559F94-6A7F-4F9D-AA29-5E8A4F4B06BA}.Release|Any CPU.Build.0 = Release|Any CPU
		{8D2494A2-23F9-4A69-B882-34D404403B68}.Debug|Any CPU.ActiveCfg = Debug|Any CPU
		{8D2494A2-23F9-4A69-B882-34D404403B68}.Debug|Any CPU.Build.0 = Debug|Any CPU
		{8D2494A2-23F9-4A69-B882-34D404403B68}.Release|Any CPU.ActiveCfg = Release|Any CPU
		{8D2494A2-23F9-4A69-B882-34D404403B68}.Release|Any CPU.Build.0 = Release|Any CPU
		{114EF5AB-33A0-464E-9A39-1DDCEDEAAF4D}.Debug|Any CPU.ActiveCfg = Debug|Any CPU
		{114EF5AB-33A0-464E-9A39-1DDCEDEAAF4D}.Debug|Any CPU.Build.0 = Debug|Any CPU
		{114EF5AB-33A0-464E-9A39-1DDCEDEAAF4D}.Release|Any CPU.ActiveCfg = Release|Any CPU
		{114EF5AB-33A0-464E-9A39-1DDCEDEAAF4D}.Release|Any CPU.Build.0 = Release|Any CPU
		{E93A531E-97E3-4D0D-B63A-38FE170F5249}.Debug|Any CPU.ActiveCfg = Debug|Any CPU
		{E93A531E-97E3-4D0D-B63A-38FE170F5249}.Debug|Any CPU.Build.0 = Debug|Any CPU
		{E93A531E-97E3-4D0D-B63A-38FE170F5249}.Release|Any CPU.ActiveCfg = Release|Any CPU
		{E93A531E-97E3-4D0D-B63A-38FE170F5249}.Release|Any CPU.Build.0 = Release|Any CPU
		{168298D1-D9F4-4519-8FA6-0DA39ED167E6}.Debug|Any CPU.ActiveCfg = Debug|Any CPU
		{168298D1-D9F4-4519-8FA6-0DA39ED167E6}.Debug|Any CPU.Build.0 = Debug|Any CPU
		{168298D1-D9F4-4519-8FA6-0DA39ED167E6}.Release|Any CPU.ActiveCfg = Release|Any CPU
		{168298D1-D9F4-4519-8FA6-0DA39ED167E6}.Release|Any CPU.Build.0 = Release|Any CPU
		{934A3E6F-9252-418C-BC37-5CE714DEE530}.Debug|Any CPU.ActiveCfg = Debug|Any CPU
		{934A3E6F-9252-418C-BC37-5CE714DEE530}.Debug|Any CPU.Build.0 = Debug|Any CPU
		{934A3E6F-9252-418C-BC37-5CE714DEE530}.Release|Any CPU.ActiveCfg = Release|Any CPU
		{934A3E6F-9252-418C-BC37-5CE714DEE530}.Release|Any CPU.Build.0 = Release|Any CPU
		{CDF5D797-13E8-42DF-95C7-CF81DEC589C8}.Debug|Any CPU.ActiveCfg = Debug|Any CPU
		{CDF5D797-13E8-42DF-95C7-CF81DEC589C8}.Debug|Any CPU.Build.0 = Debug|Any CPU
		{CDF5D797-13E8-42DF-95C7-CF81DEC589C8}.Release|Any CPU.ActiveCfg = Release|Any CPU
		{CDF5D797-13E8-42DF-95C7-CF81DEC589C8}.Release|Any CPU.Build.0 = Release|Any CPU
		{3CC2147D-9FE7-4BE1-B0AE-0E1A94C9FFB5}.Debug|Any CPU.ActiveCfg = Debug|Any CPU
		{3CC2147D-9FE7-4BE1-B0AE-0E1A94C9FFB5}.Debug|Any CPU.Build.0 = Debug|Any CPU
		{3CC2147D-9FE7-4BE1-B0AE-0E1A94C9FFB5}.Release|Any CPU.ActiveCfg = Release|Any CPU
		{3CC2147D-9FE7-4BE1-B0AE-0E1A94C9FFB5}.Release|Any CPU.Build.0 = Release|Any CPU
		{2C1ED42C-0228-44D2-B6F9-91D3F2C07972}.Debug|Any CPU.ActiveCfg = Debug|Any CPU
		{2C1ED42C-0228-44D2-B6F9-91D3F2C07972}.Debug|Any CPU.Build.0 = Debug|Any CPU
		{2C1ED42C-0228-44D2-B6F9-91D3F2C07972}.Release|Any CPU.ActiveCfg = Release|Any CPU
		{2C1ED42C-0228-44D2-B6F9-91D3F2C07972}.Release|Any CPU.Build.0 = Release|Any CPU
	EndGlobalSection
	GlobalSection(SolutionProperties) = preSolution
		HideSolutionNode = FALSE
	EndGlobalSection
	GlobalSection(ExtensibilityGlobals) = postSolution
		SolutionGuid = {A942A89D-37D2-4086-87D4-281353F11EBE}
	EndGlobalSection
EndGlobal
