
Microsoft Visual Studio Solution File, Format Version 12.00
# Visual Studio Version 17
VisualStudioVersion = 17.6.33829.357
MinimumVisualStudioVersion = 10.0.40219.1
Project("{9A19103F-16F7-4668-BE54-9A1E7A4F7556}") = "79. Word Search", "79. Word Search\79. Word Search.csproj", "{E8D6B740-40E8-4C8C-B3B6-DD124B157D94}"
EndProject
Project("{9A19103F-16F7-4668-BE54-9A1E7A4F7556}") = "212. Word Search II", "212. Word Search II\212. Word Search II.csproj", "{6F7D017D-A535-4FAA-8F09-0A18ADE24FB0}"
EndProject
Project("{9A19103F-16F7-4668-BE54-9A1E7A4F7556}") = "491. Non-decreasing Subsequences", "491. Non-decreasing Subsequences\491. Non-decreasing Subsequences.csproj", "{5BD97E77-05C5-44FC-BDDA-EB0710786766}"
EndProject
Project("{9A19103F-16F7-4668-BE54-9A1E7A4F7556}") = "980. Unique Paths III", "980. Unique Paths III\980. Unique Paths III.csproj", "{7E47E625-7C42-408B-8D79-5CE5941B2D06}"
EndProject
Project("{9A19103F-16F7-4668-BE54-9A1E7A4F7556}") = "131. Palindrome Partitioning", "131. Palindrome Partitioning\131. Palindrome Partitioning.csproj", "{C096191C-3552-46D2-B542-8CAC12E6BEAE}"
EndProject
Project("{9A19103F-16F7-4668-BE54-9A1E7A4F7556}") = "2305. Fair Distribution of Cookies", "2305. Fair Distribution of Cookies\2305. Fair Distribution of Cookies.csproj", "{EEE511CA-AC9D-445A-B908-034CAE6C5F7F}"
EndProject
Project("{9A19103F-16F7-4668-BE54-9A1E7A4F7556}") = "1601. Maximum Number of Achievable Transfer Requests", "1601. Maximum Number of Achievable Transfer Requests\1601. Maximum Number of Achievable Transfer Requests.csproj", "{29227E76-9400-4F6C-976B-E1BF024BB6A6}"
EndProject
Project("{FAE04EC0-301F-11D3-BF4B-00C04F79EFBC}") = "77. Combinations", "77. Combinations\77. Combinations.csproj", "{FEDC7FF2-5C07-4E9C-846D-6B68ACA3FDB1}"
EndProject
Project("{FAE04EC0-301F-11D3-BF4B-00C04F79EFBC}") = "46. Permutations", "46. Permutations\46. Permutations.csproj", "{AE628115-B717-4D0C-9D6F-108B969D9725}"
EndProject
Project("{FAE04EC0-301F-11D3-BF4B-00C04F79EFBC}") = "17. Letter Combinations of a Phone Number", "17. Letter Combinations of a Phone Number\17. Letter Combinations of a Phone Number.csproj", "{701C347F-7538-4B8B-9D77-75AD73BAEA44}"
EndProject
Global
	GlobalSection(SolutionConfigurationPlatforms) = preSolution
		Debug|Any CPU = Debug|Any CPU
		Release|Any CPU = Release|Any CPU
	EndGlobalSection
	GlobalSection(ProjectConfigurationPlatforms) = postSolution
		{E8D6B740-40E8-4C8C-B3B6-DD124B157D94}.Debug|Any CPU.ActiveCfg = Debug|Any CPU
		{E8D6B740-40E8-4C8C-B3B6-DD124B157D94}.Debug|Any CPU.Build.0 = Debug|Any CPU
		{E8D6B740-40E8-4C8C-B3B6-DD124B157D94}.Release|Any CPU.ActiveCfg = Release|Any CPU
		{E8D6B740-40E8-4C8C-B3B6-DD124B157D94}.Release|Any CPU.Build.0 = Release|Any CPU
		{6F7D017D-A535-4FAA-8F09-0A18ADE24FB0}.Debug|Any CPU.ActiveCfg = Debug|Any CPU
		{6F7D017D-A535-4FAA-8F09-0A18ADE24FB0}.Debug|Any CPU.Build.0 = Debug|Any CPU
		{6F7D017D-A535-4FAA-8F09-0A18ADE24FB0}.Release|Any CPU.ActiveCfg = Release|Any CPU
		{6F7D017D-A535-4FAA-8F09-0A18ADE24FB0}.Release|Any CPU.Build.0 = Release|Any CPU
		{5BD97E77-05C5-44FC-BDDA-EB0710786766}.Debug|Any CPU.ActiveCfg = Debug|Any CPU
		{5BD97E77-05C5-44FC-BDDA-EB0710786766}.Debug|Any CPU.Build.0 = Debug|Any CPU
		{5BD97E77-05C5-44FC-BDDA-EB0710786766}.Release|Any CPU.ActiveCfg = Release|Any CPU
		{5BD97E77-05C5-44FC-BDDA-EB0710786766}.Release|Any CPU.Build.0 = Release|Any CPU
		{7E47E625-7C42-408B-8D79-5CE5941B2D06}.Debug|Any CPU.ActiveCfg = Debug|Any CPU
		{7E47E625-7C42-408B-8D79-5CE5941B2D06}.Debug|Any CPU.Build.0 = Debug|Any CPU
		{7E47E625-7C42-408B-8D79-5CE5941B2D06}.Release|Any CPU.ActiveCfg = Release|Any CPU
		{7E47E625-7C42-408B-8D79-5CE5941B2D06}.Release|Any CPU.Build.0 = Release|Any CPU
		{C096191C-3552-46D2-B542-8CAC12E6BEAE}.Debug|Any CPU.ActiveCfg = Debug|Any CPU
		{C096191C-3552-46D2-B542-8CAC12E6BEAE}.Debug|Any CPU.Build.0 = Debug|Any CPU
		{C096191C-3552-46D2-B542-8CAC12E6BEAE}.Release|Any CPU.ActiveCfg = Release|Any CPU
		{C096191C-3552-46D2-B542-8CAC12E6BEAE}.Release|Any CPU.Build.0 = Release|Any CPU
		{EEE511CA-AC9D-445A-B908-034CAE6C5F7F}.Debug|Any CPU.ActiveCfg = Debug|Any CPU
		{EEE511CA-AC9D-445A-B908-034CAE6C5F7F}.Debug|Any CPU.Build.0 = Debug|Any CPU
		{EEE511CA-AC9D-445A-B908-034CAE6C5F7F}.Release|Any CPU.ActiveCfg = Release|Any CPU
		{EEE511CA-AC9D-445A-B908-034CAE6C5F7F}.Release|Any CPU.Build.0 = Release|Any CPU
		{29227E76-9400-4F6C-976B-E1BF024BB6A6}.Debug|Any CPU.ActiveCfg = Debug|Any CPU
		{29227E76-9400-4F6C-976B-E1BF024BB6A6}.Debug|Any CPU.Build.0 = Debug|Any CPU
		{29227E76-9400-4F6C-976B-E1BF024BB6A6}.Release|Any CPU.ActiveCfg = Release|Any CPU
		{29227E76-9400-4F6C-976B-E1BF024BB6A6}.Release|Any CPU.Build.0 = Release|Any CPU
		{FEDC7FF2-5C07-4E9C-846D-6B68ACA3FDB1}.Debug|Any CPU.ActiveCfg = Debug|Any CPU
		{FEDC7FF2-5C07-4E9C-846D-6B68ACA3FDB1}.Debug|Any CPU.Build.0 = Debug|Any CPU
		{FEDC7FF2-5C07-4E9C-846D-6B68ACA3FDB1}.Release|Any CPU.ActiveCfg = Release|Any CPU
		{FEDC7FF2-5C07-4E9C-846D-6B68ACA3FDB1}.Release|Any CPU.Build.0 = Release|Any CPU
		{AE628115-B717-4D0C-9D6F-108B969D9725}.Debug|Any CPU.ActiveCfg = Debug|Any CPU
		{AE628115-B717-4D0C-9D6F-108B969D9725}.Debug|Any CPU.Build.0 = Debug|Any CPU
		{AE628115-B717-4D0C-9D6F-108B969D9725}.Release|Any CPU.ActiveCfg = Release|Any CPU
		{AE628115-B717-4D0C-9D6F-108B969D9725}.Release|Any CPU.Build.0 = Release|Any CPU
		{701C347F-7538-4B8B-9D77-75AD73BAEA44}.Debug|Any CPU.ActiveCfg = Debug|Any CPU
		{701C347F-7538-4B8B-9D77-75AD73BAEA44}.Debug|Any CPU.Build.0 = Debug|Any CPU
		{701C347F-7538-4B8B-9D77-75AD73BAEA44}.Release|Any CPU.ActiveCfg = Release|Any CPU
		{701C347F-7538-4B8B-9D77-75AD73BAEA44}.Release|Any CPU.Build.0 = Release|Any CPU
	EndGlobalSection
	GlobalSection(SolutionProperties) = preSolution
		HideSolutionNode = FALSE
	EndGlobalSection
	GlobalSection(ExtensibilityGlobals) = postSolution
		SolutionGuid = {CF5266D7-1DDA-4F41-844A-60668F490346}
	EndGlobalSection
EndGlobal
